// !$*UTF8*$!
{
	archiveVersion = 1;
	classes = {
	};
	objectVersion = 50;
	objects = {

/* Begin PBXBuildFile section */
		671131BD25F78727007D889B /* SimpleUnitTestApp.swift in Sources */ = {isa = PBXBuildFile; fileRef = 671131BC25F78727007D889B /* SimpleUnitTestApp.swift */; };
		671131BF25F78727007D889B /* ContentView.swift in Sources */ = {isa = PBXBuildFile; fileRef = 671131BE25F78727007D889B /* ContentView.swift */; };
		671131C125F78727007D889B /* Assets.xcassets in Resources */ = {isa = PBXBuildFile; fileRef = 671131C025F78727007D889B /* Assets.xcassets */; };
		671131C425F78727007D889B /* Preview Assets.xcassets in Resources */ = {isa = PBXBuildFile; fileRef = 671131C325F78727007D889B /* Preview Assets.xcassets */; };
		671131CF25F78727007D889B /* SimpleUnitTestTests.swift in Sources */ = {isa = PBXBuildFile; fileRef = 671131CE25F78727007D889B /* SimpleUnitTestTests.swift */; };
		671131DA25F78727007D889B /* SimpleUnitTestUITests.swift in Sources */ = {isa = PBXBuildFile; fileRef = 671131D925F78727007D889B /* SimpleUnitTestUITests.swift */; };
/* End PBXBuildFile section */

/* Begin PBXContainerItemProxy section */
		671131CB25F78727007D889B /* PBXContainerItemProxy */ = {
			isa = PBXContainerItemProxy;
			containerPortal = 671131B125F78726007D889B /* Project object */;
			proxyType = 1;
			remoteGlobalIDString = 671131B825F78727007D889B;
			remoteInfo = SimpleUnitTest;
		};
		671131D625F78727007D889B /* PBXContainerItemProxy */ = {
			isa = PBXContainerItemProxy;
			containerPortal = 671131B125F78726007D889B /* Project object */;
			proxyType = 1;
			remoteGlobalIDString = 671131B825F78727007D889B;
			remoteInfo = SimpleUnitTest;
		};
/* End PBXContainerItemProxy section */

/* Begin PBXFileReference section */
		671131B925F78727007D889B /* SimpleUnitTest.app */ = {isa = PBXFileReference; explicitFileType = wrapper.application; includeInIndex = 0; path = SimpleUnitTest.app; sourceTree = BUILT_PRODUCTS_DIR; };
		671131BC25F78727007D889B /* SimpleUnitTestApp.swift */ = {isa = PBXFileReference; lastKnownFileType = sourcecode.swift; path = SimpleUnitTestApp.swift; sourceTree = "<group>"; };
		671131BE25F78727007D889B /* ContentView.swift */ = {isa = PBXFileReference; lastKnownFileType = sourcecode.swift; path = ContentView.swift; sourceTree = "<group>"; };
		671131C025F78727007D889B /* Assets.xcassets */ = {isa = PBXFileReference; lastKnownFileType = folder.assetcatalog; path = Assets.xcassets; sourceTree = "<group>"; };
		671131C325F78727007D889B /* Preview Assets.xcassets */ = {isa = PBXFileReference; lastKnownFileType = folder.assetcatalog; path = "Preview Assets.xcassets"; sourceTree = "<group>"; };
		671131C525F78727007D889B /* Info.plist */ = {isa = PBXFileReference; lastKnownFileType = text.plist.xml; path = Info.plist; sourceTree = "<group>"; };
		671131CA25F78727007D889B /* SimpleUnitTestTests.xctest */ = {isa = PBXFileReference; explicitFileType = wrapper.cfbundle; includeInIndex = 0; path = SimpleUnitTestTests.xctest; sourceTree = BUILT_PRODUCTS_DIR; };
		671131CE25F78727007D889B /* SimpleUnitTestTests.swift */ = {isa = PBXFileReference; lastKnownFileType = sourcecode.swift; path = SimpleUnitTestTests.swift; sourceTree = "<group>"; };
		671131D025F78727007D889B /* Info.plist */ = {isa = PBXFileReference; lastKnownFileType = text.plist.xml; path = Info.plist; sourceTree = "<group>"; };
		671131D525F78727007D889B /* SimpleUnitTestUITests.xctest */ = {isa = PBXFileReference; explicitFileType = wrapper.cfbundle; includeInIndex = 0; path = SimpleUnitTestUITests.xctest; sourceTree = BUILT_PRODUCTS_DIR; };
		671131D925F78727007D889B /* SimpleUnitTestUITests.swift */ = {isa = PBXFileReference; lastKnownFileType = sourcecode.swift; path = SimpleUnitTestUITests.swift; sourceTree = "<group>"; };
		671131DB25F78727007D889B /* Info.plist */ = {isa = PBXFileReference; lastKnownFileType = text.plist.xml; path = Info.plist; sourceTree = "<group>"; };
/* End PBXFileReference section */

/* Begin PBXFrameworksBuildPhase section */
		671131B625F78727007D889B /* Frameworks */ = {
			isa = PBXFrameworksBuildPhase;
			buildActionMask = 2147483647;
			files = (
			);
			runOnlyForDeploymentPostprocessing = 0;
		};
		671131C725F78727007D889B /* Frameworks */ = {
			isa = PBXFrameworksBuildPhase;
			buildActionMask = 2147483647;
			files = (
			);
			runOnlyForDeploymentPostprocessing = 0;
		};
		671131D225F78727007D889B /* Frameworks */ = {
			isa = PBXFrameworksBuildPhase;
			buildActionMask = 2147483647;
			files = (
			);
			runOnlyForDeploymentPostprocessing = 0;
		};
/* End PBXFrameworksBuildPhase section */

/* Begin PBXGroup section */
		671131B025F78726007D889B = {
			isa = PBXGroup;
			children = (
				671131BB25F78727007D889B /* SimpleUnitTest */,
				671131CD25F78727007D889B /* SimpleUnitTestTests */,
				671131D825F78727007D889B /* SimpleUnitTestUITests */,
				671131BA25F78727007D889B /* Products */,
			);
			sourceTree = "<group>";
		};
		671131BA25F78727007D889B /* Products */ = {
			isa = PBXGroup;
			children = (
				671131B925F78727007D889B /* SimpleUnitTest.app */,
				671131CA25F78727007D889B /* SimpleUnitTestTests.xctest */,
				671131D525F78727007D889B /* SimpleUnitTestUITests.xctest */,
			);
			name = Products;
			sourceTree = "<group>";
		};
		671131BB25F78727007D889B /* SimpleUnitTest */ = {
			isa = PBXGroup;
			children = (
				671131BC25F78727007D889B /* SimpleUnitTestApp.swift */,
				671131BE25F78727007D889B /* ContentView.swift */,
				671131C025F78727007D889B /* Assets.xcassets */,
				671131C525F78727007D889B /* Info.plist */,
				671131C225F78727007D889B /* Preview Content */,
			);
			path = SimpleUnitTest;
			sourceTree = "<group>";
		};
		671131C225F78727007D889B /* Preview Content */ = {
			isa = PBXGroup;
			children = (
				671131C325F78727007D889B /* Preview Assets.xcassets */,
			);
			path = "Preview Content";
			sourceTree = "<group>";
		};
		671131CD25F78727007D889B /* SimpleUnitTestTests */ = {
			isa = PBXGroup;
			children = (
				671131CE25F78727007D889B /* SimpleUnitTestTests.swift */,
				671131D025F78727007D889B /* Info.plist */,
			);
			path = SimpleUnitTestTests;
			sourceTree = "<group>";
		};
		671131D825F78727007D889B /* SimpleUnitTestUITests */ = {
			isa = PBXGroup;
			children = (
				671131D925F78727007D889B /* SimpleUnitTestUITests.swift */,
				671131DB25F78727007D889B /* Info.plist */,
			);
			path = SimpleUnitTestUITests;
			sourceTree = "<group>";
		};
/* End PBXGroup section */

/* Begin PBXNativeTarget section */
		671131B825F78727007D889B /* SimpleUnitTest */ = {
			isa = PBXNativeTarget;
			buildConfigurationList = 671131DE25F78727007D889B /* Build configuration list for PBXNativeTarget "SimpleUnitTest" */;
			buildPhases = (
				671131B525F78727007D889B /* Sources */,
				671131B625F78727007D889B /* Frameworks */,
				671131B725F78727007D889B /* Resources */,
			);
			buildRules = (
			);
			dependencies = (
			);
			name = SimpleUnitTest;
			productName = SimpleUnitTest;
			productReference = 671131B925F78727007D889B /* SimpleUnitTest.app */;
			productType = "com.apple.product-type.application";
		};
		671131C925F78727007D889B /* SimpleUnitTestTests */ = {
			isa = PBXNativeTarget;
			buildConfigurationList = 671131E125F78727007D889B /* Build configuration list for PBXNativeTarget "SimpleUnitTestTests" */;
			buildPhases = (
				671131C625F78727007D889B /* Sources */,
				671131C725F78727007D889B /* Frameworks */,
				671131C825F78727007D889B /* Resources */,
			);
			buildRules = (
			);
			dependencies = (
				671131CC25F78727007D889B /* PBXTargetDependency */,
			);
			name = SimpleUnitTestTests;
			productName = SimpleUnitTestTests;
			productReference = 671131CA25F78727007D889B /* SimpleUnitTestTests.xctest */;
			productType = "com.apple.product-type.bundle.unit-test";
		};
		671131D425F78727007D889B /* SimpleUnitTestUITests */ = {
			isa = PBXNativeTarget;
			buildConfigurationList = 671131E425F78727007D889B /* Build configuration list for PBXNativeTarget "SimpleUnitTestUITests" */;
			buildPhases = (
				671131D125F78727007D889B /* Sources */,
				671131D225F78727007D889B /* Frameworks */,
				671131D325F78727007D889B /* Resources */,
			);
			buildRules = (
			);
			dependencies = (
				671131D725F78727007D889B /* PBXTargetDependency */,
			);
			name = SimpleUnitTestUITests;
			productName = SimpleUnitTestUITests;
			productReference = 671131D525F78727007D889B /* SimpleUnitTestUITests.xctest */;
			productType = "com.apple.product-type.bundle.ui-testing";
		};
/* End PBXNativeTarget section */

/* Begin PBXProject section */
		671131B125F78726007D889B /* Project object */ = {
			isa = PBXProject;
			attributes = {
				LastSwiftUpdateCheck = 1240;
				LastUpgradeCheck = 1240;
				TargetAttributes = {
					671131B825F78727007D889B = {
						CreatedOnToolsVersion = 12.4;
					};
					671131C925F78727007D889B = {
						CreatedOnToolsVersion = 12.4;
						TestTargetID = 671131B825F78727007D889B;
					};
					671131D425F78727007D889B = {
						CreatedOnToolsVersion = 12.4;
						TestTargetID = 671131B825F78727007D889B;
					};
				};
			};
			buildConfigurationList = 671131B425F78726007D889B /* Build configuration list for PBXProject "SimpleUnitTest" */;
			compatibilityVersion = "Xcode 9.3";
			developmentRegion = en;
			hasScannedForEncodings = 0;
			knownRegions = (
				en,
				Base,
			);
			mainGroup = 671131B025F78726007D889B;
			productRefGroup = 671131BA25F78727007D889B /* Products */;
			projectDirPath = "";
			projectRoot = "";
			targets = (
				671131B825F78727007D889B /* SimpleUnitTest */,
				671131C925F78727007D889B /* SimpleUnitTestTests */,
				671131D425F78727007D889B /* SimpleUnitTestUITests */,
			);
		};
/* End PBXProject section */

/* Begin PBXResourcesBuildPhase section */
		671131B725F78727007D889B /* Resources */ = {
			isa = PBXResourcesBuildPhase;
			buildActionMask = 2147483647;
			files = (
				671131C425F78727007D889B /* Preview Assets.xcassets in Resources */,
				671131C125F78727007D889B /* Assets.xcassets in Resources */,
			);
			runOnlyForDeploymentPostprocessing = 0;
		};
		671131C825F78727007D889B /* Resources */ = {
			isa = PBXResourcesBuildPhase;
			buildActionMask = 2147483647;
			files = (
			);
			runOnlyForDeploymentPostprocessing = 0;
		};
		671131D325F78727007D889B /* Resources */ = {
			isa = PBXResourcesBuildPhase;
			buildActionMask = 2147483647;
			files = (
			);
			runOnlyForDeploymentPostprocessing = 0;
		};
/* End PBXResourcesBuildPhase section */

/* Begin PBXSourcesBuildPhase section */
		671131B525F78727007D889B /* Sources */ = {
			isa = PBXSourcesBuildPhase;
			buildActionMask = 2147483647;
			files = (
				671131BF25F78727007D889B /* ContentView.swift in Sources */,
				671131BD25F78727007D889B /* SimpleUnitTestApp.swift in Sources */,
			);
			runOnlyForDeploymentPostprocessing = 0;
		};
		671131C625F78727007D889B /* Sources */ = {
			isa = PBXSourcesBuildPhase;
			buildActionMask = 2147483647;
			files = (
				671131CF25F78727007D889B /* SimpleUnitTestTests.swift in Sources */,
			);
			runOnlyForDeploymentPostprocessing = 0;
		};
		671131D125F78727007D889B /* Sources */ = {
			isa = PBXSourcesBuildPhase;
			buildActionMask = 2147483647;
			files = (
				671131DA25F78727007D889B /* SimpleUnitTestUITests.swift in Sources */,
			);
			runOnlyForDeploymentPostprocessing = 0;
		};
/* End PBXSourcesBuildPhase section */

/* Begin PBXTargetDependency section */
		671131CC25F78727007D889B /* PBXTargetDependency */ = {
			isa = PBXTargetDependency;
			target = 671131B825F78727007D889B /* SimpleUnitTest */;
			targetProxy = 671131CB25F78727007D889B /* PBXContainerItemProxy */;
		};
		671131D725F78727007D889B /* PBXTargetDependency */ = {
			isa = PBXTargetDependency;
			target = 671131B825F78727007D889B /* SimpleUnitTest */;
			targetProxy = 671131D625F78727007D889B /* PBXContainerItemProxy */;
		};
/* End PBXTargetDependency section */

/* Begin XCBuildConfiguration section */
		671131DC25F78727007D889B /* Debug */ = {
			isa = XCBuildConfiguration;
			buildSettings = {
				ALWAYS_SEARCH_USER_PATHS = NO;
				CLANG_ANALYZER_NONNULL = YES;
				CLANG_ANALYZER_NUMBER_OBJECT_CONVERSION = YES_AGGRESSIVE;
				CLANG_CXX_LANGUAGE_STANDARD = "gnu++14";
				CLANG_CXX_LIBRARY = "libc++";
				CLANG_ENABLE_MODULES = YES;
				CLANG_ENABLE_OBJC_ARC = YES;
				CLANG_ENABLE_OBJC_WEAK = YES;
				CLANG_WARN_BLOCK_CAPTURE_AUTORELEASING = YES;
				CLANG_WARN_BOOL_CONVERSION = YES;
				CLANG_WARN_COMMA = YES;
				CLANG_WARN_CONSTANT_CONVERSION = YES;
				CLANG_WARN_DEPRECATED_OBJC_IMPLEMENTATIONS = YES;
				CLANG_WARN_DIRECT_OBJC_ISA_USAGE = YES_ERROR;
				CLANG_WARN_DOCUMENTATION_COMMENTS = YES;
				CLANG_WARN_EMPTY_BODY = YES;
				CLANG_WARN_ENUM_CONVERSION = YES;
				CLANG_WARN_INFINITE_RECURSION = YES;
				CLANG_WARN_INT_CONVERSION = YES;
				CLANG_WARN_NON_LITERAL_NULL_CONVERSION = YES;
				CLANG_WARN_OBJC_IMPLICIT_RETAIN_SELF = YES;
				CLANG_WARN_OBJC_LITERAL_CONVERSION = YES;
				CLANG_WARN_OBJC_ROOT_CLASS = YES_ERROR;
				CLANG_WARN_QUOTED_INCLUDE_IN_FRAMEWORK_HEADER = YES;
				CLANG_WARN_RANGE_LOOP_ANALYSIS = YES;
				CLANG_WARN_STRICT_PROTOTYPES = YES;
				CLANG_WARN_SUSPICIOUS_MOVE = YES;
				CLANG_WARN_UNGUARDED_AVAILABILITY = YES_AGGRESSIVE;
				CLANG_WARN_UNREACHABLE_CODE = YES;
				CLANG_WARN__DUPLICATE_METHOD_MATCH = YES;
				COPY_PHASE_STRIP = NO;
				DEBUG_INFORMATION_FORMAT = dwarf;
				ENABLE_STRICT_OBJC_MSGSEND = YES;
				ENABLE_TESTABILITY = YES;
				GCC_C_LANGUAGE_STANDARD = gnu11;
				GCC_DYNAMIC_NO_PIC = NO;
				GCC_NO_COMMON_BLOCKS = YES;
				GCC_OPTIMIZATION_LEVEL = 0;
				GCC_PREPROCESSOR_DEFINITIONS = (
					"DEBUG=1",
					"$(inherited)",
				);
				GCC_WARN_64_TO_32_BIT_CONVERSION = YES;
				GCC_WARN_ABOUT_RETURN_TYPE = YES_ERROR;
				GCC_WARN_UNDECLARED_SELECTOR = YES;
				GCC_WARN_UNINITIALIZED_AUTOS = YES_AGGRESSIVE;
				GCC_WARN_UNUSED_FUNCTION = YES;
				GCC_WARN_UNUSED_VARIABLE = YES;
				IPHONEOS_DEPLOYMENT_TARGET = 14.4;
				MTL_ENABLE_DEBUG_INFO = INCLUDE_SOURCE;
				MTL_FAST_MATH = YES;
				ONLY_ACTIVE_ARCH = YES;
				SDKROOT = iphoneos;
				SWIFT_ACTIVE_COMPILATION_CONDITIONS = DEBUG;
				SWIFT_OPTIMIZATION_LEVEL = "-Onone";
			};
			name = Debug;
		};
		671131DD25F78727007D889B /* Release */ = {
			isa = XCBuildConfiguration;
			buildSettings = {
				ALWAYS_SEARCH_USER_PATHS = NO;
				CLANG_ANALYZER_NONNULL = YES;
				CLANG_ANALYZER_NUMBER_OBJECT_CONVERSION = YES_AGGRESSIVE;
				CLANG_CXX_LANGUAGE_STANDARD = "gnu++14";
				CLANG_CXX_LIBRARY = "libc++";
				CLANG_ENABLE_MODULES = YES;
				CLANG_ENABLE_OBJC_ARC = YES;
				CLANG_ENABLE_OBJC_WEAK = YES;
				CLANG_WARN_BLOCK_CAPTURE_AUTORELEASING = YES;
				CLANG_WARN_BOOL_CONVERSION = YES;
				CLANG_WARN_COMMA = YES;
				CLANG_WARN_CONSTANT_CONVERSION = YES;
				CLANG_WARN_DEPRECATED_OBJC_IMPLEMENTATIONS = YES;
				CLANG_WARN_DIRECT_OBJC_ISA_USAGE = YES_ERROR;
				CLANG_WARN_DOCUMENTATION_COMMENTS = YES;
				CLANG_WARN_EMPTY_BODY = YES;
				CLANG_WARN_ENUM_CONVERSION = YES;
				CLANG_WARN_INFINITE_RECURSION = YES;
				CLANG_WARN_INT_CONVERSION = YES;
				CLANG_WARN_NON_LITERAL_NULL_CONVERSION = YES;
				CLANG_WARN_OBJC_IMPLICIT_RETAIN_SELF = YES;
				CLANG_WARN_OBJC_LITERAL_CONVERSION = YES;
				CLANG_WARN_OBJC_ROOT_CLASS = YES_ERROR;
				CLANG_WARN_QUOTED_INCLUDE_IN_FRAMEWORK_HEADER = YES;
				CLANG_WARN_RANGE_LOOP_ANALYSIS = YES;
				CLANG_WARN_STRICT_PROTOTYPES = YES;
				CLANG_WARN_SUSPICIOUS_MOVE = YES;
				CLANG_WARN_UNGUARDED_AVAILABILITY = YES_AGGRESSIVE;
				CLANG_WARN_UNREACHABLE_CODE = YES;
				CLANG_WARN__DUPLICATE_METHOD_MATCH = YES;
				COPY_PHASE_STRIP = NO;
				DEBUG_INFORMATION_FORMAT = "dwarf-with-dsym";
				ENABLE_NS_ASSERTIONS = NO;
				ENABLE_STRICT_OBJC_MSGSEND = YES;
				GCC_C_LANGUAGE_STANDARD = gnu11;
				GCC_NO_COMMON_BLOCKS = YES;
				GCC_WARN_64_TO_32_BIT_CONVERSION = YES;
				GCC_WARN_ABOUT_RETURN_TYPE = YES_ERROR;
				GCC_WARN_UNDECLARED_SELECTOR = YES;
				GCC_WARN_UNINITIALIZED_AUTOS = YES_AGGRESSIVE;
				GCC_WARN_UNUSED_FUNCTION = YES;
				GCC_WARN_UNUSED_VARIABLE = YES;
				IPHONEOS_DEPLOYMENT_TARGET = 14.4;
				MTL_ENABLE_DEBUG_INFO = NO;
				MTL_FAST_MATH = YES;
				SDKROOT = iphoneos;
				SWIFT_COMPILATION_MODE = wholemodule;
				SWIFT_OPTIMIZATION_LEVEL = "-O";
				VALIDATE_PRODUCT = YES;
			};
			name = Release;
		};
		671131DF25F78727007D889B /* Debug */ = {
			isa = XCBuildConfiguration;
			buildSettings = {
				ASSETCATALOG_COMPILER_APPICON_NAME = AppIcon;
				ASSETCATALOG_COMPILER_GLOBAL_ACCENT_COLOR_NAME = AccentColor;
				CODE_SIGN_STYLE = Automatic;
				DEVELOPMENT_ASSET_PATHS = "\"SimpleUnitTest/Preview Content\"";
				DEVELOPMENT_TEAM = CPYT3A73TA;
				ENABLE_PREVIEWS = YES;
				INFOPLIST_FILE = SimpleUnitTest/Info.plist;
				IPHONEOS_DEPLOYMENT_TARGET = 14.0;
				LD_RUNPATH_SEARCH_PATHS = (
					"$(inherited)",
					"@executable_path/Frameworks",
				);
				PRODUCT_BUNDLE_IDENTIFIER = mauro.SimpleUnitTest;
				PRODUCT_NAME = "$(TARGET_NAME)";
				SWIFT_VERSION = 5.0;
				TARGETED_DEVICE_FAMILY = "1,2";
			};
			name = Debug;
		};
		671131E025F78727007D889B /* Release */ = {
			isa = XCBuildConfiguration;
			buildSettings = {
				ASSETCATALOG_COMPILER_APPICON_NAME = AppIcon;
				ASSETCATALOG_COMPILER_GLOBAL_ACCENT_COLOR_NAME = AccentColor;
				CODE_SIGN_STYLE = Automatic;
				DEVELOPMENT_ASSET_PATHS = "\"SimpleUnitTest/Preview Content\"";
				DEVELOPMENT_TEAM = CPYT3A73TA;
				ENABLE_PREVIEWS = YES;
				INFOPLIST_FILE = SimpleUnitTest/Info.plist;
				IPHONEOS_DEPLOYMENT_TARGET = 14.0;
				LD_RUNPATH_SEARCH_PATHS = (
					"$(inherited)",
					"@executable_path/Frameworks",
				);
				PRODUCT_BUNDLE_IDENTIFIER = mauro.SimpleUnitTest;
				PRODUCT_NAME = "$(TARGET_NAME)";
				SWIFT_VERSION = 5.0;
				TARGETED_DEVICE_FAMILY = "1,2";
			};
			name = Release;
		};
		671131E225F78727007D889B /* Debug */ = {
			isa = XCBuildConfiguration;
			buildSettings = {
				ALWAYS_EMBED_SWIFT_STANDARD_LIBRARIES = YES;
				BUNDLE_LOADER = "$(TEST_HOST)";
				CODE_SIGN_STYLE = Automatic;
				DEVELOPMENT_TEAM = CPYT3A73TA;
				INFOPLIST_FILE = SimpleUnitTestTests/Info.plist;
				IPHONEOS_DEPLOYMENT_TARGET = 14.0;
				LD_RUNPATH_SEARCH_PATHS = (
					"$(inherited)",
					"@executable_path/Frameworks",
					"@loader_path/Frameworks",
				);
				PRODUCT_BUNDLE_IDENTIFIER = mauro.SimpleUnitTestTests;
				PRODUCT_NAME = "$(TARGET_NAME)";
				SWIFT_VERSION = 5.0;
				TARGETED_DEVICE_FAMILY = "1,2";
				TEST_HOST = "$(BUILT_PRODUCTS_DIR)/SimpleUnitTest.app/SimpleUnitTest";
			};
			name = Debug;
		};
		671131E325F78727007D889B /* Release */ = {
			isa = XCBuildConfiguration;
			buildSettings = {
				ALWAYS_EMBED_SWIFT_STANDARD_LIBRARIES = YES;
				BUNDLE_LOADER = "$(TEST_HOST)";
				CODE_SIGN_STYLE = Automatic;
				DEVELOPMENT_TEAM = CPYT3A73TA;
				INFOPLIST_FILE = SimpleUnitTestTests/Info.plist;
				IPHONEOS_DEPLOYMENT_TARGET = 14.0;
				LD_RUNPATH_SEARCH_PATHS = (
					"$(inherited)",
					"@executable_path/Frameworks",
					"@loader_path/Frameworks",
				);
				PRODUCT_BUNDLE_IDENTIFIER = mauro.SimpleUnitTestTests;
				PRODUCT_NAME = "$(TARGET_NAME)";
				SWIFT_VERSION = 5.0;
				TARGETED_DEVICE_FAMILY = "1,2";
				TEST_HOST = "$(BUILT_PRODUCTS_DIR)/SimpleUnitTest.app/SimpleUnitTest";
			};
			name = Release;
		};
		671131E525F78727007D889B /* Debug */ = {
			isa = XCBuildConfiguration;
			buildSettings = {
				ALWAYS_EMBED_SWIFT_STANDARD_LIBRARIES = YES;
				CODE_SIGN_STYLE = Automatic;
				DEVELOPMENT_TEAM = CPYT3A73TA;
				INFOPLIST_FILE = SimpleUnitTestUITests/Info.plist;
				LD_RUNPATH_SEARCH_PATHS = (
					"$(inherited)",
					"@executable_path/Frameworks",
					"@loader_path/Frameworks",
				);
				PRODUCT_BUNDLE_IDENTIFIER = mauro.SimpleUnitTestUITests;
				PRODUCT_NAME = "$(TARGET_NAME)";
				SWIFT_VERSION = 5.0;
				TARGETED_DEVICE_FAMILY = "1,2";
				TEST_TARGET_NAME = SimpleUnitTest;
			};
			name = Debug;
		};
		671131E625F78727007D889B /* Release */ = {
			isa = XCBuildConfiguration;
			buildSettings = {
				ALWAYS_EMBED_SWIFT_STANDARD_LIBRARIES = YES;
				CODE_SIGN_STYLE = Automatic;
				DEVELOPMENT_TEAM = CPYT3A73TA;
				INFOPLIST_FILE = SimpleUnitTestUITests/Info.plist;
				LD_RUNPATH_SEARCH_PATHS = (
					"$(inherited)",
					"@executable_path/Frameworks",
					"@loader_path/Frameworks",
				);
				PRODUCT_BUNDLE_IDENTIFIER = mauro.SimpleUnitTestUITests;
				PRODUCT_NAME = "$(TARGET_NAME)";
				SWIFT_VERSION = 5.0;
				TARGETED_DEVICE_FAMILY = "1,2";
				TEST_TARGET_NAME = SimpleUnitTest;
			};
			name = Release;
		};
/* End XCBuildConfiguration section */

/* Begin XCConfigurationList section */
		671131B425F78726007D889B /* Build configuration list for PBXProject "SimpleUnitTest" */ = {
			isa = XCConfigurationList;
			buildConfigurations = (
				671131DC25F78727007D889B /* Debug */,
				671131DD25F78727007D889B /* Release */,
			);
			defaultConfigurationIsVisible = 0;
			defaultConfigurationName = Release;
		};
		671131DE25F78727007D889B /* Build configuration list for PBXNativeTarget "SimpleUnitTest" */ = {
			isa = XCConfigurationList;
			buildConfigurations = (
				671131DF25F78727007D889B /* Debug */,
				671131E025F78727007D889B /* Release */,
			);
			defaultConfigurationIsVisible = 0;
			defaultConfigurationName = Release;
		};
		671131E125F78727007D889B /* Build configuration list for PBXNativeTarget "SimpleUnitTestTests" */ = {
			isa = XCConfigurationList;
			buildConfigurations = (
				671131E225F78727007D889B /* Debug */,
				671131E325F78727007D889B /* Release */,
			);
			defaultConfigurationIsVisible = 0;
			defaultConfigurationName = Release;
		};
		671131E425F78727007D889B /* Build configuration list for PBXNativeTarget "SimpleUnitTestUITests" */ = {
			isa = XCConfigurationList;
			buildConfigurations = (
				671131E525F78727007D889B /* Debug */,
				671131E625F78727007D889B /* Release */,
			);
			defaultConfigurationIsVisible = 0;
			defaultConfigurationName = Release;
		};
/* End XCConfigurationList section */
	};
	rootObject = 671131B125F78726007D889B /* Project object */;
}
